Microsoft Visual Studio Solution File, Format Version 12.00
# Visual Studio Version 17
VisualStudioVersion = 17.11.35017.193
MinimumVisualStudioVersion = 10.0.40219.1
Project("{9A19103F-16F7-4668-BE54-9A1E7A4F7556}") = "GenocsAspire.AppHost", "src\GenocsAspire.AppHost\GenocsAspire.AppHost.csproj", "{0AA36DBF-1B3A-45D2-A1D4-B399C284E026}"
EndProject
Project("{9A19103F-16F7-4668-BE54-9A1E7A4F7556}") = "GenocsAspire.ServiceDefaults", "src\GenocsAspire.ServiceDefaults\GenocsAspire.ServiceDefaults.csproj", "{69BB2027-B72E-4894-8058-9BAD5F41BAEE}"
EndProject
Project("{9A19103F-16F7-4668-BE54-9A1E7A4F7556}") = "GenocsAspire.ApiService", "src\GenocsAspire.ApiService\GenocsAspire.ApiService.csproj", "{21F37070-788B-42E7-8F49-DA7AAD27945E}"
EndProject
Project("{9A19103F-16F7-4668-BE54-9A1E7A4F7556}") = "GenocsAspire.Web", "src\GenocsAspire.Web\GenocsAspire.Web.csproj", "{072A01F8-D5BB-49FD-9757-D87AAF3B72E0}"
EndProject
Project("{9A19103F-16F7-4668-BE54-9A1E7A4F7556}") = "GenocsAspire.Tests", "src\GenocsAspire.Tests\GenocsAspire.Tests.csproj", "{D265E11B-579E-4266-9C16-01A8D4BB4272}"
EndProject
Project("{2150E333-8FDC-42A3-9474-1A3956D46DE8}") = "_Solution Items", "_Solution Items", "{E7B036FC-359E-463D-B9BA-574177A1DB12}"
	ProjectSection(SolutionItems) = preProject
		Directory.Build.props = Directory.Build.props
		Directory.Build.targets = Directory.Build.targets
		README.md = README.md
	EndProjectSection
EndProject
Project("{2150E333-8FDC-42A3-9474-1A3956D46DE8}") = "api-gateway", "api-gateway", "{EBE169F5-3815-4216-988A-7D6E626EE226}"
EndProject
Project("{2150E333-8FDC-42A3-9474-1A3956D46DE8}") = "products", "products", "{54281830-4A6F-4A9E-ABC5-3DB8DF53C362}"
EndProject
Project("{2150E333-8FDC-42A3-9474-1A3956D46DE8}") = "orders", "orders", "{CCF0013D-31E3-47C4-BDE0-D103E665D866}"
EndProject
Project("{2150E333-8FDC-42A3-9474-1A3956D46DE8}") = "identities", "identities", "{BE256485-9E7F-4E44-A004-508E3A49216C}"
EndProject
Project("{2150E333-8FDC-42A3-9474-1A3956D46DE8}") = "notifications", "notifications", "{EA588CBB-B4DF-4C28-B517-0672159D7EC4}"
EndProject
Project("{9A19103F-16F7-4668-BE54-9A1E7A4F7556}") = "GenocsAspire.APIGateway", "src\api-gateway\GenocsAspire.APIGateway\GenocsAspire.APIGateway.csproj", "{41B506C8-23E5-426E-889E-6481E1431310}"
EndProject
Project("{9A19103F-16F7-4668-BE54-9A1E7A4F7556}") = "GenocsAspire.ProductsApiService", "src\products\GenocsAspire.ProductsApiService\GenocsAspire.ProductsApiService.csproj", "{0ADB7CED-6EB8-465F-A6EC-4553CCAE1FAF}"
EndProject
Project("{9A19103F-16F7-4668-BE54-9A1E7A4F7556}") = "GenocsAspire.OrdersApiService", "src\orders\GenocsAspire.OrdersApiService\GenocsAspire.OrdersApiService.csproj", "{B655A516-D3E4-4E5A-9317-E75C8163680E}"
EndProject
Project("{9A19103F-16F7-4668-BE54-9A1E7A4F7556}") = "GenocsAspire.SignalRApiService", "src\notifications\GenocsAspire.SignalRApiService\GenocsAspire.SignalRApiService.csproj", "{680D43BC-46BE-4788-AD9A-8A3C824AE6DD}"
EndProject
Project("{2150E333-8FDC-42A3-9474-1A3956D46DE8}") = "tests", "tests", "{78208E38-864F-4FC0-8012-4D96AEDD6178}"
EndProject
Project("{9A19103F-16F7-4668-BE54-9A1E7A4F7556}") = "GenocsAspire.Identities.Application", "src\identities\GenocsAspire.Identities.Application\GenocsAspire.Identities.Application.csproj", "{86BAB8A0-D8B0-4AD7-B0CC-0658DE7147C5}"
EndProject
Project("{9A19103F-16F7-4668-BE54-9A1E7A4F7556}") = "GenocsAspire.IdentitiesApiService", "src\identities\GenocsAspire.IdentitiesApiService\GenocsAspire.IdentitiesApiService.csproj", "{5C91A2D9-08A1-4BA6-A7CE-FFC3E62F47AF}"
EndProject
Project("{2150E333-8FDC-42A3-9474-1A3956D46DE8}") = "frontend", "frontend", "{907493F0-57C3-4BBB-ADAC-B1EF6D0E6BDD}"
EndProject
Project("{9A19103F-16F7-4668-BE54-9A1E7A4F7556}") = "Shared", "src\frontend\Shared\Shared.csproj", "{BAC8370F-A9CE-4D1A-A99F-15C6C9142A66}"
EndProject
Project("{9A19103F-16F7-4668-BE54-9A1E7A4F7556}") = "Client", "src\frontend\Client\Client.csproj", "{D59FF936-C0E5-42C8-B7E1-36A312D7790E}"
EndProject
Project("{9A19103F-16F7-4668-BE54-9A1E7A4F7556}") = "Host", "src\frontend\Host\Host.csproj", "{BE7EDB2F-0C57-48E4-A0DE-BDE74638B357}"
EndProject
Project("{9A19103F-16F7-4668-BE54-9A1E7A4F7556}") = "Client.Infrastructure", "src\frontend\Client.Infrastructure\Client.Infrastructure.csproj", "{0521BA77-D47A-4E09-A7BB-07ADAFB8E56E}"
EndProject
Project("{2150E333-8FDC-42A3-9474-1A3956D46DE8}") = "multitenancy", "multitenancy", "{34A55E43-2347-4D95-892C-848D9E3FC40D}"
EndProject
Project("{9A19103F-16F7-4668-BE54-9A1E7A4F7556}") = "Application", "src\multitenancy\Core\Application\Application.csproj", "{AEEDEED1-8305-40DF-8938-47FBF020B692}"
EndProject
Project("{9A19103F-16F7-4668-BE54-9A1E7A4F7556}") = "Domain", "src\multitenancy\Core\Domain\Domain.csproj", "{C3148A0C-0E61-4988-B095-83FD03640629}"
EndProject
Project("{9A19103F-16F7-4668-BE54-9A1E7A4F7556}") = "Shared", "src\multitenancy\Core\Shared\Shared.csproj", "{9AD0E3FC-D228-4A28-832A-9000F71A1B5F}"
EndProject
Project("{9A19103F-16F7-4668-BE54-9A1E7A4F7556}") = "Infrastructure", "src\multitenancy\Infrastructure\Infrastructure.csproj", "{820945F7-355F-4DA1-9B9A-51E34FCCA6B9}"
EndProject
Project("{9A19103F-16F7-4668-BE54-9A1E7A4F7556}") = "GenocsAspire.Multitenancy.WebApi", "src\multitenancy\GenocsAspire.Multitenancy.WebApi\GenocsAspire.Multitenancy.WebApi.csproj", "{F4B34DF0-A650-41BC-88D6-30D200B4EAE7}"
EndProject
Project("{2150E333-8FDC-42A3-9474-1A3956D46DE8}") = "migrators", "migrators", "{5610A3BF-F6A2-4DF4-B59A-3F96B9B7F339}"
EndProject
Project("{9A19103F-16F7-4668-BE54-9A1E7A4F7556}") = "Migrators.MSSQL", "src\multitenancy\Migrators\Migrators.MSSQL\Migrators.MSSQL.csproj", "{B6127146-BA49-4ECB-839F-FE3D961D4D0B}"
EndProject
Project("{9A19103F-16F7-4668-BE54-9A1E7A4F7556}") = "Migrators.MySQL", "src\multitenancy\Migrators\Migrators.MySQL\Migrators.MySQL.csproj", "{46409C55-042F-4888-8F4B-E85D38D3FFFB}"
EndProject
Project("{9A19103F-16F7-4668-BE54-9A1E7A4F7556}") = "Migrators.Oracle", "src\multitenancy\Migrators\Migrators.Oracle\Migrators.Oracle.csproj", "{843D5145-13B5-4D1C-97C3-37AB9CFD9EB1}"
EndProject
Project("{9A19103F-16F7-4668-BE54-9A1E7A4F7556}") = "Migrators.PostgreSQL", "src\multitenancy\Migrators\Migrators.PostgreSQL\Migrators.PostgreSQL.csproj", "{90FF40CC-9392-49CF-A6E7-BDCAD9FCAFD0}"
EndProject
Project("{9A19103F-16F7-4668-BE54-9A1E7A4F7556}") = "Migrators.SqLite", "src\multitenancy\Migrators\Migrators.SqLite\Migrators.SqLite.csproj", "{0F8216C3-9E18-4F14-AE33-D2D733BA870D}"
EndProject
Global
	GlobalSection(SolutionConfigurationPlatforms) = preSolution
		Debug|Any CPU = Debug|Any CPU
		Release|Any CPU = Release|Any CPU
	EndGlobalSection
	GlobalSection(ProjectConfigurationPlatforms) = postSolution
		{0AA36DBF-1B3A-45D2-A1D4-B399C284E026}.Debug|Any CPU.ActiveCfg = Debug|Any CPU
		{0AA36DBF-1B3A-45D2-A1D4-B399C284E026}.Debug|Any CPU.Build.0 = Debug|Any CPU
		{0AA36DBF-1B3A-45D2-A1D4-B399C284E026}.Release|Any CPU.ActiveCfg = Release|Any CPU
		{0AA36DBF-1B3A-45D2-A1D4-B399C284E026}.Release|Any CPU.Build.0 = Release|Any CPU
		{69BB2027-B72E-4894-8058-9BAD5F41BAEE}.Debug|Any CPU.ActiveCfg = Debug|Any CPU
		{69BB2027-B72E-4894-8058-9BAD5F41BAEE}.Debug|Any CPU.Build.0 = Debug|Any CPU
		{69BB2027-B72E-4894-8058-9BAD5F41BAEE}.Release|Any CPU.ActiveCfg = Release|Any CPU
		{69BB2027-B72E-4894-8058-9BAD5F41BAEE}.Release|Any CPU.Build.0 = Release|Any CPU
		{21F37070-788B-42E7-8F49-DA7AAD27945E}.Debug|Any CPU.ActiveCfg = Debug|Any CPU
		{21F37070-788B-42E7-8F49-DA7AAD27945E}.Debug|Any CPU.Build.0 = Debug|Any CPU
		{21F37070-788B-42E7-8F49-DA7AAD27945E}.Release|Any CPU.ActiveCfg = Release|Any CPU
		{21F37070-788B-42E7-8F49-DA7AAD27945E}.Release|Any CPU.Build.0 = Release|Any CPU
		{072A01F8-D5BB-49FD-9757-D87AAF3B72E0}.Debug|Any CPU.ActiveCfg = Debug|Any CPU
		{072A01F8-D5BB-49FD-9757-D87AAF3B72E0}.Debug|Any CPU.Build.0 = Debug|Any CPU
		{072A01F8-D5BB-49FD-9757-D87AAF3B72E0}.Release|Any CPU.ActiveCfg = Release|Any CPU
		{072A01F8-D5BB-49FD-9757-D87AAF3B72E0}.Release|Any CPU.Build.0 = Release|Any CPU
		{D265E11B-579E-4266-9C16-01A8D4BB4272}.Debug|Any CPU.ActiveCfg = Debug|Any CPU
		{D265E11B-579E-4266-9C16-01A8D4BB4272}.Debug|Any CPU.Build.0 = Debug|Any CPU
		{D265E11B-579E-4266-9C16-01A8D4BB4272}.Release|Any CPU.ActiveCfg = Release|Any CPU
		{D265E11B-579E-4266-9C16-01A8D4BB4272}.Release|Any CPU.Build.0 = Release|Any CPU
		{41B506C8-23E5-426E-889E-6481E1431310}.Debug|Any CPU.ActiveCfg = Debug|Any CPU
		{41B506C8-23E5-426E-889E-6481E1431310}.Debug|Any CPU.Build.0 = Debug|Any CPU
		{41B506C8-23E5-426E-889E-6481E1431310}.Release|Any CPU.ActiveCfg = Release|Any CPU
		{41B506C8-23E5-426E-889E-6481E1431310}.Release|Any CPU.Build.0 = Release|Any CPU
		{0ADB7CED-6EB8-465F-A6EC-4553CCAE1FAF}.Debug|Any CPU.ActiveCfg = Debug|Any CPU
		{0ADB7CED-6EB8-465F-A6EC-4553CCAE1FAF}.Debug|Any CPU.Build.0 = Debug|Any CPU
		{0ADB7CED-6EB8-465F-A6EC-4553CCAE1FAF}.Release|Any CPU.ActiveCfg = Release|Any CPU
		{0ADB7CED-6EB8-465F-A6EC-4553CCAE1FAF}.Release|Any CPU.Build.0 = Release|Any CPU
		{B655A516-D3E4-4E5A-9317-E75C8163680E}.Debug|Any CPU.ActiveCfg = Debug|Any CPU
		{B655A516-D3E4-4E5A-9317-E75C8163680E}.Debug|Any CPU.Build.0 = Debug|Any CPU
		{B655A516-D3E4-4E5A-9317-E75C8163680E}.Release|Any CPU.ActiveCfg = Release|Any CPU
		{B655A516-D3E4-4E5A-9317-E75C8163680E}.Release|Any CPU.Build.0 = Release|Any CPU
		{680D43BC-46BE-4788-AD9A-8A3C824AE6DD}.Debug|Any CPU.ActiveCfg = Debug|Any CPU
		{680D43BC-46BE-4788-AD9A-8A3C824AE6DD}.Debug|Any CPU.Build.0 = Debug|Any CPU
		{680D43BC-46BE-4788-AD9A-8A3C824AE6DD}.Release|Any CPU.ActiveCfg = Release|Any CPU
		{680D43BC-46BE-4788-AD9A-8A3C824AE6DD}.Release|Any CPU.Build.0 = Release|Any CPU
		{86BAB8A0-D8B0-4AD7-B0CC-0658DE7147C5}.Debug|Any CPU.ActiveCfg = Debug|Any CPU
		{86BAB8A0-D8B0-4AD7-B0CC-0658DE7147C5}.Debug|Any CPU.Build.0 = Debug|Any CPU
		{86BAB8A0-D8B0-4AD7-B0CC-0658DE7147C5}.Release|Any CPU.ActiveCfg = Release|Any CPU
		{86BAB8A0-D8B0-4AD7-B0CC-0658DE7147C5}.Release|Any CPU.Build.0 = Release|Any CPU
		{5C91A2D9-08A1-4BA6-A7CE-FFC3E62F47AF}.Debug|Any CPU.ActiveCfg = Debug|Any CPU
		{5C91A2D9-08A1-4BA6-A7CE-FFC3E62F47AF}.Debug|Any CPU.Build.0 = Debug|Any CPU
		{5C91A2D9-08A1-4BA6-A7CE-FFC3E62F47AF}.Release|Any CPU.ActiveCfg = Release|Any CPU
		{5C91A2D9-08A1-4BA6-A7CE-FFC3E62F47AF}.Release|Any CPU.Build.0 = Release|Any CPU
		{BAC8370F-A9CE-4D1A-A99F-15C6C9142A66}.Debug|Any CPU.ActiveCfg = Debug|Any CPU
		{BAC8370F-A9CE-4D1A-A99F-15C6C9142A66}.Debug|Any CPU.Build.0 = Debug|Any CPU
		{BAC8370F-A9CE-4D1A-A99F-15C6C9142A66}.Release|Any CPU.ActiveCfg = Release|Any CPU
		{BAC8370F-A9CE-4D1A-A99F-15C6C9142A66}.Release|Any CPU.Build.0 = Release|Any CPU
		{D59FF936-C0E5-42C8-B7E1-36A312D7790E}.Debug|Any CPU.ActiveCfg = Debug|Any CPU
		{D59FF936-C0E5-42C8-B7E1-36A312D7790E}.Debug|Any CPU.Build.0 = Debug|Any CPU
		{D59FF936-C0E5-42C8-B7E1-36A312D7790E}.Release|Any CPU.ActiveCfg = Release|Any CPU
		{D59FF936-C0E5-42C8-B7E1-36A312D7790E}.Release|Any CPU.Build.0 = Release|Any CPU
		{BE7EDB2F-0C57-48E4-A0DE-BDE74638B357}.Debug|Any CPU.ActiveCfg = Debug|Any CPU
		{BE7EDB2F-0C57-48E4-A0DE-BDE74638B357}.Debug|Any CPU.Build.0 = Debug|Any CPU
		{BE7EDB2F-0C57-48E4-A0DE-BDE74638B357}.Release|Any CPU.ActiveCfg = Release|Any CPU
		{BE7EDB2F-0C57-48E4-A0DE-BDE74638B357}.Release|Any CPU.Build.0 = Release|Any CPU
		{0521BA77-D47A-4E09-A7BB-07ADAFB8E56E}.Debug|Any CPU.ActiveCfg = Debug|Any CPU
		{0521BA77-D47A-4E09-A7BB-07ADAFB8E56E}.Debug|Any CPU.Build.0 = Debug|Any CPU
		{0521BA77-D47A-4E09-A7BB-07ADAFB8E56E}.Release|Any CPU.ActiveCfg = Release|Any CPU
		{0521BA77-D47A-4E09-A7BB-07ADAFB8E56E}.Release|Any CPU.Build.0 = Release|Any CPU
		{AEEDEED1-8305-40DF-8938-47FBF020B692}.Debug|Any CPU.ActiveCfg = Debug|Any CPU
		{AEEDEED1-8305-40DF-8938-47FBF020B692}.Debug|Any CPU.Build.0 = Debug|Any CPU
		{AEEDEED1-8305-40DF-8938-47FBF020B692}.Release|Any CPU.ActiveCfg = Release|Any CPU
		{AEEDEED1-8305-40DF-8938-47FBF020B692}.Release|Any CPU.Build.0 = Release|Any CPU
		{C3148A0C-0E61-4988-B095-83FD03640629}.Debug|Any CPU.ActiveCfg = Debug|Any CPU
		{C3148A0C-0E61-4988-B095-83FD03640629}.Debug|Any CPU.Build.0 = Debug|Any CPU
		{C3148A0C-0E61-4988-B095-83FD03640629}.Release|Any CPU.ActiveCfg = Release|Any CPU
		{C3148A0C-0E61-4988-B095-83FD03640629}.Release|Any CPU.Build.0 = Release|Any CPU
		{9AD0E3FC-D228-4A28-832A-9000F71A1B5F}.Debug|Any CPU.ActiveCfg = Debug|Any CPU
		{9AD0E3FC-D228-4A28-832A-9000F71A1B5F}.Debug|Any CPU.Build.0 = Debug|Any CPU
		{9AD0E3FC-D228-4A28-832A-9000F71A1B5F}.Release|Any CPU.ActiveCfg = Release|Any CPU
		{9AD0E3FC-D228-4A28-832A-9000F71A1B5F}.Release|Any CPU.Build.0 = Release|Any CPU
		{820945F7-355F-4DA1-9B9A-51E34FCCA6B9}.Debug|Any CPU.ActiveCfg = Debug|Any CPU
		{820945F7-355F-4DA1-9B9A-51E34FCCA6B9}.Debug|Any CPU.Build.0 = Debug|Any CPU
		{820945F7-355F-4DA1-9B9A-51E34FCCA6B9}.Release|Any CPU.ActiveCfg = Release|Any CPU
		{820945F7-355F-4DA1-9B9A-51E34FCCA6B9}.Release|Any CPU.Build.0 = Release|Any CPU
		{F4B34DF0-A650-41BC-88D6-30D200B4EAE7}.Debug|Any CPU.ActiveCfg = Debug|Any CPU
		{F4B34DF0-A650-41BC-88D6-30D200B4EAE7}.Debug|Any CPU.Build.0 = Debug|Any CPU
		{F4B34DF0-A650-41BC-88D6-30D200B4EAE7}.Release|Any CPU.ActiveCfg = Release|Any CPU
		{F4B34DF0-A650-41BC-88D6-30D200B4EAE7}.Release|Any CPU.Build.0 = Release|Any CPU
		{B6127146-BA49-4ECB-839F-FE3D961D4D0B}.Debug|Any CPU.ActiveCfg = Debug|Any CPU
		{B6127146-BA49-4ECB-839F-FE3D961D4D0B}.Debug|Any CPU.Build.0 = Debug|Any CPU
		{B6127146-BA49-4ECB-839F-FE3D961D4D0B}.Release|Any CPU.ActiveCfg = Release|Any CPU
		{B6127146-BA49-4ECB-839F-FE3D961D4D0B}.Release|Any CPU.Build.0 = Release|Any CPU
		{46409C55-042F-4888-8F4B-E85D38D3FFFB}.Debug|Any CPU.ActiveCfg = Debug|Any CPU
		{46409C55-042F-4888-8F4B-E85D38D3FFFB}.Debug|Any CPU.Build.0 = Debug|Any CPU
		{46409C55-042F-4888-8F4B-E85D38D3FFFB}.Release|Any CPU.ActiveCfg = Release|Any CPU
		{46409C55-042F-4888-8F4B-E85D38D3FFFB}.Release|Any CPU.Build.0 = Release|Any CPU
		{843D5145-13B5-4D1C-97C3-37AB9CFD9EB1}.Debug|Any CPU.ActiveCfg = Debug|Any CPU
		{843D5145-13B5-4D1C-97C3-37AB9CFD9EB1}.Debug|Any CPU.Build.0 = Debug|Any CPU
		{843D5145-13B5-4D1C-97C3-37AB9CFD9EB1}.Release|Any CPU.ActiveCfg = Release|Any CPU
		{843D5145-13B5-4D1C-97C3-37AB9CFD9EB1}.Release|Any CPU.Build.0 = Release|Any CPU
		{90FF40CC-9392-49CF-A6E7-BDCAD9FCAFD0}.Debug|Any CPU.ActiveCfg = Debug|Any CPU
		{90FF40CC-9392-49CF-A6E7-BDCAD9FCAFD0}.Debug|Any CPU.Build.0 = Debug|Any CPU
		{90FF40CC-9392-49CF-A6E7-BDCAD9FCAFD0}.Release|Any CPU.ActiveCfg = Release|Any CPU
		{90FF40CC-9392-49CF-A6E7-BDCAD9FCAFD0}.Release|Any CPU.Build.0 = Release|Any CPU
		{0F8216C3-9E18-4F14-AE33-D2D733BA870D}.Debug|Any CPU.ActiveCfg = Debug|Any CPU
		{0F8216C3-9E18-4F14-AE33-D2D733BA870D}.Debug|Any CPU.Build.0 = Debug|Any CPU
		{0F8216C3-9E18-4F14-AE33-D2D733BA870D}.Release|Any CPU.ActiveCfg = Release|Any CPU
		{0F8216C3-9E18-4F14-AE33-D2D733BA870D}.Release|Any CPU.Build.0 = Release|Any CPU
	EndGlobalSection
	GlobalSection(SolutionProperties) = preSolution
		HideSolutionNode = FALSE
	EndGlobalSection
	GlobalSection(NestedProjects) = preSolution
		{D265E11B-579E-4266-9C16-01A8D4BB4272} = {78208E38-864F-4FC0-8012-4D96AEDD6178}
		{41B506C8-23E5-426E-889E-6481E1431310} = {EBE169F5-3815-4216-988A-7D6E626EE226}
		{0ADB7CED-6EB8-465F-A6EC-4553CCAE1FAF} = {54281830-4A6F-4A9E-ABC5-3DB8DF53C362}
		{B655A516-D3E4-4E5A-9317-E75C8163680E} = {CCF0013D-31E3-47C4-BDE0-D103E665D866}
		{680D43BC-46BE-4788-AD9A-8A3C824AE6DD} = {EA588CBB-B4DF-4C28-B517-0672159D7EC4}
		{86BAB8A0-D8B0-4AD7-B0CC-0658DE7147C5} = {BE256485-9E7F-4E44-A004-508E3A49216C}
		{5C91A2D9-08A1-4BA6-A7CE-FFC3E62F47AF} = {BE256485-9E7F-4E44-A004-508E3A49216C}
		{BAC8370F-A9CE-4D1A-A99F-15C6C9142A66} = {907493F0-57C3-4BBB-ADAC-B1EF6D0E6BDD}
		{D59FF936-C0E5-42C8-B7E1-36A312D7790E} = {907493F0-57C3-4BBB-ADAC-B1EF6D0E6BDD}
		{BE7EDB2F-0C57-48E4-A0DE-BDE74638B357} = {907493F0-57C3-4BBB-ADAC-B1EF6D0E6BDD}
		{0521BA77-D47A-4E09-A7BB-07ADAFB8E56E} = {907493F0-57C3-4BBB-ADAC-B1EF6D0E6BDD}
		{AEEDEED1-8305-40DF-8938-47FBF020B692} = {34A55E43-2347-4D95-892C-848D9E3FC40D}
		{C3148A0C-0E61-4988-B095-83FD03640629} = {34A55E43-2347-4D95-892C-848D9E3FC40D}
		{9AD0E3FC-D228-4A28-832A-9000F71A1B5F} = {34A55E43-2347-4D95-892C-848D9E3FC40D}
		{820945F7-355F-4DA1-9B9A-51E34FCCA6B9} = {34A55E43-2347-4D95-892C-848D9E3FC40D}
		{F4B34DF0-A650-41BC-88D6-30D200B4EAE7} = {34A55E43-2347-4D95-892C-848D9E3FC40D}
		{5610A3BF-F6A2-4DF4-B59A-3F96B9B7F339} = {34A55E43-2347-4D95-892C-848D9E3FC40D}
		{B6127146-BA49-4ECB-839F-FE3D961D4D0B} = {5610A3BF-F6A2-4DF4-B59A-3F96B9B7F339}
		{46409C55-042F-4888-8F4B-E85D38D3FFFB} = {5610A3BF-F6A2-4DF4-B59A-3F96B9B7F339}
		{843D5145-13B5-4D1C-97C3-37AB9CFD9EB1} = {5610A3BF-F6A2-4DF4-B59A-3F96B9B7F339}
		{90FF40CC-9392-49CF-A6E7-BDCAD9FCAFD0} = {5610A3BF-F6A2-4DF4-B59A-3F96B9B7F339}
		{0F8216C3-9E18-4F14-AE33-D2D733BA870D} = {5610A3BF-F6A2-4DF4-B59A-3F96B9B7F339}
	EndGlobalSection
	GlobalSection(ExtensibilityGlobals) = postSolution
		SolutionGuid = {9FCC4C8B-E863-41CE-962D-EF5C72287DFA}
	EndGlobalSection
EndGlobal
